
Microsoft Visual Studio Solution File, Format Version 12.00
Project("{FAE04EC0-301F-11D3-BF4B-00C04F79EFBC}") = "Otus.FunWithLogging.Service1", "Otus.FunWithLogging.Service1\Otus.FunWithLogging.Service1.csproj", "{7E7322B7-640E-400E-827D-BC2B9BF8176B}"
EndProject
Project("{FAE04EC0-301F-11D3-BF4B-00C04F79EFBC}") = "Otus.Service2", "Otus.Service2\Otus.Service2.csproj", "{E7F47BDB-4CBF-49FA-A877-8C0B59BCE87F}"
EndProject
Project("{FAE04EC0-301F-11D3-BF4B-00C04F79EFBC}") = "Otus.Service3", "Otus.Service3\Otus.Service3.csproj", "{542D825D-2C44-45A3-BE13-5F92B62C1923}"
EndProject
Global
	GlobalSection(SolutionConfigurationPlatforms) = preSolution
		Debug|Any CPU = Debug|Any CPU
		Release|Any CPU = Release|Any CPU
	EndGlobalSection
	GlobalSection(ProjectConfigurationPlatforms) = postSolution
		{7E7322B7-640E-400E-827D-BC2B9BF8176B}.Debug|Any CPU.ActiveCfg = Debug|Any CPU
		{7E7322B7-640E-400E-827D-BC2B9BF8176B}.Debug|Any CPU.Build.0 = Debug|Any CPU
		{7E7322B7-640E-400E-827D-BC2B9BF8176B}.Release|Any CPU.ActiveCfg = Release|Any CPU
		{7E7322B7-640E-400E-827D-BC2B9BF8176B}.Release|Any CPU.Build.0 = Release|Any CPU
		{E7F47BDB-4CBF-49FA-A877-8C0B59BCE87F}.Debug|Any CPU.ActiveCfg = Debug|Any CPU
		{E7F47BDB-4CBF-49FA-A877-8C0B59BCE87F}.Debug|Any CPU.Build.0 = Debug|Any CPU
		{E7F47BDB-4CBF-49FA-A877-8C0B59BCE87F}.Release|Any CPU.ActiveCfg = Release|Any CPU
		{E7F47BDB-4CBF-49FA-A877-8C0B59BCE87F}.Release|Any CPU.Build.0 = Release|Any CPU
		{542D825D-2C44-45A3-BE13-5F92B62C1923}.Debug|Any CPU.ActiveCfg = Debug|Any CPU
		{542D825D-2C44-45A3-BE13-5F92B62C1923}.Debug|Any CPU.Build.0 = Debug|Any CPU
		{542D825D-2C44-45A3-BE13-5F92B62C1923}.Release|Any CPU.ActiveCfg = Release|Any CPU
		{542D825D-2C44-45A3-BE13-5F92B62C1923}.Release|Any CPU.Build.0 = Release|Any CPU
	EndGlobalSection
EndGlobal
